
Microsoft Visual Studio Solution File, Format Version 12.00
# Visual Studio Version 17
VisualStudioVersion = 17.1.32210.238
MinimumVisualStudioVersion = 10.0.40219.1
Project("{9A19103F-16F7-4668-BE54-9A1E7A4F7556}") = "VolleyballClubrazorpages", "Sportsrazorpages\VolleyballClubrazorpages.csproj", "{FC8B058A-A16D-4588-AAC8-C20E7E9598CE}"
EndProject
Global
	GlobalSection(SolutionConfigurationPlatforms) = preSolution
		Debug|Any CPU = Debug|Any CPU
		Release|Any CPU = Release|Any CPU
	EndGlobalSection
	GlobalSection(ProjectConfigurationPlatforms) = postSolution
		{FC8B058A-A16D-4588-AAC8-C20E7E9598CE}.Debug|Any CPU.ActiveCfg = Debug|Any CPU
		{FC8B058A-A16D-4588-AAC8-C20E7E9598CE}.Debug|Any CPU.Build.0 = Debug|Any CPU
		{FC8B058A-A16D-4588-AAC8-C20E7E9598CE}.Release|Any CPU.ActiveCfg = Release|Any CPU
		{FC8B058A-A16D-4588-AAC8-C20E7E9598CE}.Release|Any CPU.Build.0 = Release|Any CPU
	EndGlobalSection
	GlobalSection(SolutionProperties) = preSolution
		HideSolutionNode = FALSE
	EndGlobalSection
	GlobalSection(ExtensibilityGlobals) = postSolution
		SolutionGuid = {F12E7DC7-EE90-46A9-A928-F163019A7347}
	EndGlobalSection
EndGlobal
